{
  "nodes": {
    "comin": {
      "inputs": {
        "nixpkgs": [
          "nixpkgs"
        ]
      },
      "locked": {
        "lastModified": 1737581484,
        "narHash": "sha256-Jo0fBfyJ/JLDcWQaLlZjra5VZDUB6m1Wes/dFFGbMBY=",
        "owner": "nlewo",
        "repo": "comin",
        "rev": "773f6141a95f0538f3f8e687da037659bf38bd40",
        "type": "github"
      },
      "original": {
        "owner": "nlewo",
        "repo": "comin",
        "type": "github"
      }
    },
    "crane": {
      "locked": {
        "lastModified": 1746291859,
        "narHash": "sha256-DdWJLA+D5tcmrRSg5Y7tp/qWaD05ATI4Z7h22gd1h7Q=",
        "owner": "ipetkov",
        "repo": "crane",
        "rev": "dfd9a8dfd09db9aad544c4d3b6c47b12562544a5",
        "type": "github"
      },
      "original": {
        "owner": "ipetkov",
        "repo": "crane",
        "type": "github"
      }
    },
    "disko": {
      "inputs": {
        "nixpkgs": [
          "nixpkgs"
        ]
      },
      "locked": {
        "lastModified": 1737038063,
        "narHash": "sha256-rMEuiK69MDhjz1JgbaeQ9mBDXMJ2/P8vmOYRbFndXsk=",
        "owner": "nix-community",
        "repo": "disko",
        "rev": "bf0abfde48f469c256f2b0f481c6281ff04a5db2",
        "type": "github"
      },
      "original": {
        "owner": "nix-community",
        "repo": "disko",
        "type": "github"
      }
    },
    "flake-compat": {
      "flake": false,
      "locked": {
        "lastModified": 1696426674,
        "narHash": "sha256-kvjfFW7WAETZlt09AgDn1MrtKzP7t90Vf7vypd3OL1U=",
        "owner": "edolstra",
        "repo": "flake-compat",
        "rev": "0f9255e01c2351cc7d116c072cb317785dd33b33",
        "type": "github"
      },
      "original": {
        "owner": "edolstra",
        "repo": "flake-compat",
        "type": "github"
      }
    },
    "flake-utils": {
      "inputs": {
        "systems": "systems"
      },
      "locked": {
        "lastModified": 1710146030,
        "narHash": "sha256-SZ5L6eA7HJ/nmkzGG7/ISclqe6oZdOZTNoesiInkXPQ=",
        "owner": "numtide",
        "repo": "flake-utils",
        "rev": "b1d9ab70662946ef0850d488da1c9019f3a9752a",
        "type": "github"
      },
      "original": {
        "owner": "numtide",
        "repo": "flake-utils",
        "type": "github"
      }
    },
    "flake-utils_2": {
      "inputs": {
        "systems": "systems_3"
      },
      "locked": {
        "lastModified": 1710146030,
        "narHash": "sha256-SZ5L6eA7HJ/nmkzGG7/ISclqe6oZdOZTNoesiInkXPQ=",
        "owner": "numtide",
        "repo": "flake-utils",
        "rev": "b1d9ab70662946ef0850d488da1c9019f3a9752a",
        "type": "github"
      },
      "original": {
        "owner": "numtide",
        "repo": "flake-utils",
        "type": "github"
      }
    },
    "isd": {
      "inputs": {
        "nix-appimage": "nix-appimage",
        "nix-filter": "nix-filter",
        "nixpkgs": [
          "nixpkgs"
        ],
        "pyproject-build-systems": "pyproject-build-systems",
        "pyproject-nix": "pyproject-nix",
        "systemd-nix": "systemd-nix",
        "systems": "systems_2",
        "uv2nix": "uv2nix"
      },
      "locked": {
        "lastModified": 1738047527,
        "narHash": "sha256-LkiDTiWM+PupXSsw6SUs4PqIwgSAWZxnuPXAE6T7Z0Q=",
        "owner": "isd-project",
        "repo": "isd",
        "rev": "369fd55c0e57079f5eca2291c013f74a5dcf3c10",
        "type": "github"
      },
      "original": {
        "owner": "isd-project",
        "repo": "isd",
        "type": "github"
      }
    },
    "nix-appimage": {
      "inputs": {
        "flake-compat": "flake-compat",
        "flake-utils": "flake-utils",
        "nixpkgs": "nixpkgs"
      },
      "locked": {
        "lastModified": 1725758175,
        "narHash": "sha256-MhBOJHYhIJ30TNVrm7wX8B3x+MecMCdaBc94g4HXkPs=",
        "owner": "ralismark",
        "repo": "nix-appimage",
        "rev": "fc1192dbec82f5857f86ccc6dfdf2ad97bc9c62a",
        "type": "github"
      },
      "original": {
        "owner": "ralismark",
        "repo": "nix-appimage",
        "type": "github"
      }
    },
    "nix-filter": {
      "locked": {
        "lastModified": 1731533336,
        "narHash": "sha256-oRam5PS1vcrr5UPgALW0eo1m/5/pls27Z/pabHNy2Ms=",
        "owner": "numtide",
        "repo": "nix-filter",
        "rev": "f7653272fd234696ae94229839a99b73c9ab7de0",
        "type": "github"
      },
      "original": {
        "owner": "numtide",
        "repo": "nix-filter",
        "type": "github"
      }
    },
    "nixpkgs": {
      "locked": {
        "lastModified": 1725103162,
        "narHash": "sha256-Ym04C5+qovuQDYL/rKWSR+WESseQBbNAe5DsXNx5trY=",
        "owner": "nixos",
        "repo": "nixpkgs",
        "rev": "12228ff1752d7b7624a54e9c1af4b222b3c1073b",
        "type": "github"
      },
      "original": {
        "owner": "nixos",
        "ref": "nixos-unstable",
        "repo": "nixpkgs",
        "type": "github"
      }
    },
    "nixpkgs_2": {
      "locked": {
        "lastModified": 1738090407,
        "narHash": "sha256-X6BvM495ef4Rk+7WFhvYFwJoKteQYgvSaRERLGofZ+s=",
        "owner": "NixOS",
        "repo": "nixpkgs",
        "rev": "2c00621e9692affa61da62f82e76648c5a07e6a0",
        "type": "github"
      },
      "original": {
        "owner": "NixOS",
        "ref": "nixos-unstable-small",
        "repo": "nixpkgs",
        "type": "github"
      }
    },
    "nixpkgs_3": {
      "locked": {
        "lastModified": 1724819573,
        "narHash": "sha256-GnR7/ibgIH1vhoy8cYdmXE6iyZqKqFxQSVkFgosBh6w=",
        "owner": "NixOS",
        "repo": "nixpkgs",
        "rev": "71e91c409d1e654808b2621f28a327acfdad8dc2",
        "type": "github"
      },
      "original": {
        "owner": "NixOS",
        "ref": "nixos-unstable",
        "repo": "nixpkgs",
        "type": "github"
      }
    },
    "pyproject-build-systems": {
      "inputs": {
        "nixpkgs": [
          "isd",
          "nixpkgs"
        ],
        "pyproject-nix": [
          "isd",
          "pyproject-nix"
        ],
        "uv2nix": [
          "isd",
          "uv2nix"
        ]
      },
      "locked": {
        "lastModified": 1735697508,
        "narHash": "sha256-Acm4V8bHifkEZEGZHQ9eukRqPiSWXRgJyrjOB60FBg8=",
        "owner": "pyproject-nix",
        "repo": "build-system-pkgs",
        "rev": "22d5f5d1814ede904def5a992c289343734672d4",
        "type": "github"
      },
      "original": {
        "owner": "pyproject-nix",
        "repo": "build-system-pkgs",
        "type": "github"
      }
    },
    "pyproject-nix": {
      "inputs": {
        "nixpkgs": [
          "isd",
          "nixpkgs"
        ]
      },
      "locked": {
        "lastModified": 1735874123,
        "narHash": "sha256-0uSnm3tyid97v6/m7SoBPgcfMya3nVqEM9Y2EpaTlp0=",
        "owner": "pyproject-nix",
        "repo": "pyproject.nix",
        "rev": "e14a14de0d0026e62d809bfa4cd92c4f9badb262",
        "type": "github"
      },
      "original": {
        "owner": "pyproject-nix",
        "repo": "pyproject.nix",
        "type": "github"
      }
    },
    "roboshpee": {
      "inputs": {
        "crane": "crane",
        "flake-utils": "flake-utils_2",
        "nixpkgs": "nixpkgs_3",
        "rust-overlay": "rust-overlay"
      },
      "locked": {
        "lastModified": 1747527359,
        "narHash": "sha256-rGFAtu44yZ26pQZIz5ym1xLf19z64bI6ne4ybf+qRtE=",
        "owner": "KGB33",
        "repo": "RoboShpee",
        "rev": "5fc63123d31006aff38dd72270c64b744fafdeb3",
        "type": "github"
      },
      "original": {
        "owner": "KGB33",
        "repo": "RoboShpee",
        "type": "github"
      }
    },
    "root": {
      "inputs": {
        "comin": "comin",
        "disko": "disko",
        "isd": "isd",
        "nixpkgs": "nixpkgs_2",
        "roboshpee": "roboshpee",
        "sops-nix": "sops-nix"
      }
    },
    "rust-overlay": {
      "inputs": {
        "nixpkgs": [
          "roboshpee",
          "nixpkgs"
        ]
      },
      "locked": {
        "lastModified": 1747449297,
        "narHash": "sha256-veyXchTz6eWwvuW5X49UluHkheHkFcqHJSwGuKBhrmQ=",
        "owner": "oxalica",
        "repo": "rust-overlay",
        "rev": "f44db7d7cea4528288780c6347756173a8248225",
        "type": "github"
      },
      "original": {
        "owner": "oxalica",
        "repo": "rust-overlay",
        "type": "github"
      }
    },
    "sops-nix": {
      "inputs": {
        "nixpkgs": [
          "nixpkgs"
        ]
      },
      "locked": {
        "lastModified": 1737411508,
        "narHash": "sha256-j9IdflJwRtqo9WpM0OfAZml47eBblUHGNQTe62OUqTw=",
        "owner": "mic92",
        "repo": "sops-nix",
        "rev": "015d461c16678fc02a2f405eb453abb509d4e1d4",
        "type": "github"
      },
      "original": {
        "owner": "mic92",
        "repo": "sops-nix",
        "type": "github"
      }
    },
    "systemd-nix": {
      "inputs": {
        "nixpkgs": [
          "isd",
          "nixpkgs"
        ]
      },
      "locked": {
        "lastModified": 1608245516,
        "narHash": "sha256-EoEit7oosSNXgIN2WZCb/e8ZbdBuC72eEj66CuLXYOI=",
        "owner": "serokell",
        "repo": "systemd-nix",
        "rev": "61dd95a7a7a5f80ff9b1014f9e9e89bed6f84e2f",
        "type": "github"
      },
      "original": {
        "owner": "serokell",
        "repo": "systemd-nix",
        "type": "github"
      }
    },
    "systems": {
      "locked": {
        "lastModified": 1681028828,
        "narHash": "sha256-Vy1rq5AaRuLzOxct8nz4T6wlgyUR7zLU309k9mBC768=",
        "owner": "nix-systems",
        "repo": "default",
        "rev": "da67096a3b9bf56a91d16901293e51ba5b49a27e",
        "type": "github"
      },
      "original": {
        "owner": "nix-systems",
        "repo": "default",
        "type": "github"
      }
    },
    "systems_2": {
      "locked": {
        "lastModified": 1680978846,
        "narHash": "sha256-Gtqg8b/v49BFDpDetjclCYXm8mAnTrUzR0JnE2nv5aw=",
        "owner": "nix-systems",
        "repo": "x86_64-linux",
        "rev": "2ecfcac5e15790ba6ce360ceccddb15ad16d08a8",
        "type": "github"
      },
      "original": {
        "owner": "nix-systems",
        "repo": "x86_64-linux",
        "type": "github"
      }
    },
    "systems_3": {
      "locked": {
        "lastModified": 1681028828,
        "narHash": "sha256-Vy1rq5AaRuLzOxct8nz4T6wlgyUR7zLU309k9mBC768=",
        "owner": "nix-systems",
        "repo": "default",
        "rev": "da67096a3b9bf56a91d16901293e51ba5b49a27e",
        "type": "github"
      },
      "original": {
        "owner": "nix-systems",
        "repo": "default",
        "type": "github"
      }
    },
    "uv2nix": {
      "inputs": {
        "nixpkgs": [
          "isd",
          "nixpkgs"
        ],
        "pyproject-nix": [
          "isd",
          "pyproject-nix"
        ]
      },
      "locked": {
        "lastModified": 1735981341,
        "narHash": "sha256-g7Wtbo4fsl0P0HFrg3AG+4j6T4Df8OBwfWtlaJQFlrc=",
        "owner": "pyproject-nix",
        "repo": "uv2nix",
        "rev": "9d314f9c9ab531791a63a6673b1120039dea1229",
        "type": "github"
      },
      "original": {
        "owner": "pyproject-nix",
        "repo": "uv2nix",
        "type": "github"
      }
    }
  },
  "root": "root",
  "version": 7
}
